
Microsoft Visual Studio Solution File, Format Version 12.00
# Visual Studio 2013
VisualStudioVersion = 12.0.31101.0
MinimumVisualStudioVersion = 10.0.40219.1
Project("{FAE04EC0-301F-11D3-BF4B-00C04F79EFBC}") = "ContosoUniversity.Entities", "ContosoUniversity.Entities\ContosoUniversity.Entities.csproj", "{B4898935-A953-4E27-B5C7-29227FA256A9}"
EndProject
Project("{FAE04EC0-301F-11D3-BF4B-00C04F79EFBC}") = "ContosoUniversity.Data", "ContosoUniversity.Data\ContosoUniversity.Data.csproj", "{0270FCDC-9D82-492E-ACFE-A73BCE0757CD}"
EndProject
Project("{FAE04EC0-301F-11D3-BF4B-00C04F79EFBC}") = "ContosoUniversity.Services", "ContosoUniversity.Services\ContosoUniversity.Services.csproj", "{73DD9CCE-A931-4483-9606-1855BBF3391E}"
EndProject
Project("{FAE04EC0-301F-11D3-BF4B-00C04F79EFBC}") = "ContosoUniversity.WebApi", "ContosoUniversity.WebApi\ContosoUniversity.WebApi.csproj", "{89324AF6-3CB5-43EC-A708-6FB822DF2309}"
EndProject
Global
	GlobalSection(SolutionConfigurationPlatforms) = preSolution
		Debug|Any CPU = Debug|Any CPU
		Release|Any CPU = Release|Any CPU
	EndGlobalSection
	GlobalSection(ProjectConfigurationPlatforms) = postSolution
		{B4898935-A953-4E27-B5C7-29227FA256A9}.Debug|Any CPU.ActiveCfg = Debug|Any CPU
		{B4898935-A953-4E27-B5C7-29227FA256A9}.Debug|Any CPU.Build.0 = Debug|Any CPU
		{B4898935-A953-4E27-B5C7-29227FA256A9}.Release|Any CPU.ActiveCfg = Release|Any CPU
		{B4898935-A953-4E27-B5C7-29227FA256A9}.Release|Any CPU.Build.0 = Release|Any CPU
		{0270FCDC-9D82-492E-ACFE-A73BCE0757CD}.Debug|Any CPU.ActiveCfg = Debug|Any CPU
		{0270FCDC-9D82-492E-ACFE-A73BCE0757CD}.Debug|Any CPU.Build.0 = Debug|Any CPU
		{0270FCDC-9D82-492E-ACFE-A73BCE0757CD}.Release|Any CPU.ActiveCfg = Release|Any CPU
		{0270FCDC-9D82-492E-ACFE-A73BCE0757CD}.Release|Any CPU.Build.0 = Release|Any CPU
		{73DD9CCE-A931-4483-9606-1855BBF3391E}.Debug|Any CPU.ActiveCfg = Debug|Any CPU
		{73DD9CCE-A931-4483-9606-1855BBF3391E}.Debug|Any CPU.Build.0 = Debug|Any CPU
		{73DD9CCE-A931-4483-9606-1855BBF3391E}.Release|Any CPU.ActiveCfg = Release|Any CPU
		{73DD9CCE-A931-4483-9606-1855BBF3391E}.Release|Any CPU.Build.0 = Release|Any CPU
		{89324AF6-3CB5-43EC-A708-6FB822DF2309}.Debug|Any CPU.ActiveCfg = Debug|Any CPU
		{89324AF6-3CB5-43EC-A708-6FB822DF2309}.Debug|Any CPU.Build.0 = Debug|Any CPU
		{89324AF6-3CB5-43EC-A708-6FB822DF2309}.Release|Any CPU.ActiveCfg = Release|Any CPU
		{89324AF6-3CB5-43EC-A708-6FB822DF2309}.Release|Any CPU.Build.0 = Release|Any CPU
	EndGlobalSection
	GlobalSection(SolutionProperties) = preSolution
		HideSolutionNode = FALSE
	EndGlobalSection
EndGlobal
